
Microsoft Visual Studio Solution File, Format Version 12.00
# Visual Studio Version 16
VisualStudioVersion = 16.0.30413.136
MinimumVisualStudioVersion = 10.0.40219.1
Project("{9A19103F-16F7-4668-BE54-9A1E7A4F7556}") = "NovelCore", "NovelCore\NovelCore.csproj", "{677CC303-B265-4BE6-88BA-789B67CDD859}"
EndProject
Project("{9A19103F-16F7-4668-BE54-9A1E7A4F7556}") = "NovelCore Creation Kit", "NovelCore Creation Kit\NovelCore Creation Kit.csproj", "{CE645937-99F9-425D-8FFE-1CEE6E940708}"
EndProject
Global
	GlobalSection(SolutionConfigurationPlatforms) = preSolution
		Debug|Any CPU = Debug|Any CPU
		Release|Any CPU = Release|Any CPU
	EndGlobalSection
	GlobalSection(ProjectConfigurationPlatforms) = postSolution
		{677CC303-B265-4BE6-88BA-789B67CDD859}.Debug|Any CPU.ActiveCfg = Debug|Any CPU
		{677CC303-B265-4BE6-88BA-789B67CDD859}.Debug|Any CPU.Build.0 = Debug|Any CPU
		{677CC303-B265-4BE6-88BA-789B67CDD859}.Release|Any CPU.ActiveCfg = Release|Any CPU
		{677CC303-B265-4BE6-88BA-789B67CDD859}.Release|Any CPU.Build.0 = Release|Any CPU
		{CE645937-99F9-425D-8FFE-1CEE6E940708}.Debug|Any CPU.ActiveCfg = Debug|Any CPU
		{CE645937-99F9-425D-8FFE-1CEE6E940708}.Debug|Any CPU.Build.0 = Debug|Any CPU
		{CE645937-99F9-425D-8FFE-1CEE6E940708}.Release|Any CPU.ActiveCfg = Release|Any CPU
		{CE645937-99F9-425D-8FFE-1CEE6E940708}.Release|Any CPU.Build.0 = Release|Any CPU
	EndGlobalSection
	GlobalSection(SolutionProperties) = preSolution
		HideSolutionNode = FALSE
	EndGlobalSection
	GlobalSection(ExtensibilityGlobals) = postSolution
		SolutionGuid = {EF8778A5-5D7C-413B-884A-36D8C54874F6}
	EndGlobalSection
EndGlobal
